
Microsoft Visual Studio Solution File, Format Version 12.00
# Visual Studio Version 17
VisualStudioVersion = 17.6.33706.43
MinimumVisualStudioVersion = 10.0.40219.1
Project("{FAE04EC0-301F-11D3-BF4B-00C04F79EFBC}") = "MyWebApp", "src\MyWebApp\MyWebApp.csproj", "{78B397F3-5014-4F41-A9FA-BB496A2B2FFE}"
EndProject
Project("{2150E333-8FDC-42A3-9474-1A3956D46DE8}") = "src", "src", "{BEB72BEE-6DAD-49EF-B3B8-98A7F0C3F3E7}"
EndProject
Project("{2150E333-8FDC-42A3-9474-1A3956D46DE8}") = "root", "root", "{B3292929-7796-44B2-8F3A-8D7346CCB0B4}"
	ProjectSection(SolutionItems) = preProject
		docker-compose.yml = docker-compose.yml
		Dockerfile = Dockerfile
		nginx.conf = nginx.conf
	EndProjectSection
EndProject
Global
	GlobalSection(SolutionConfigurationPlatforms) = preSolution
		Debug|Any CPU = Debug|Any CPU
		Release|Any CPU = Release|Any CPU
	EndGlobalSection
	GlobalSection(ProjectConfigurationPlatforms) = postSolution
		{78B397F3-5014-4F41-A9FA-BB496A2B2FFE}.Debug|Any CPU.ActiveCfg = Debug|Any CPU
		{78B397F3-5014-4F41-A9FA-BB496A2B2FFE}.Debug|Any CPU.Build.0 = Debug|Any CPU
		{78B397F3-5014-4F41-A9FA-BB496A2B2FFE}.Release|Any CPU.ActiveCfg = Release|Any CPU
		{78B397F3-5014-4F41-A9FA-BB496A2B2FFE}.Release|Any CPU.Build.0 = Release|Any CPU
	EndGlobalSection
	GlobalSection(SolutionProperties) = preSolution
		HideSolutionNode = FALSE
	EndGlobalSection
	GlobalSection(NestedProjects) = preSolution
		{78B397F3-5014-4F41-A9FA-BB496A2B2FFE} = {BEB72BEE-6DAD-49EF-B3B8-98A7F0C3F3E7}
	EndGlobalSection
	GlobalSection(ExtensibilityGlobals) = postSolution
		SolutionGuid = {0CBB0FFC-EF7F-4CAC-99DC-39009EBF3BBB}
	EndGlobalSection
EndGlobal
